{
  "name": "29thnight.github.io",
  "lockfileVersion": 3,
  "requires": true,
  "packages": {
    "": {
      "dependencies": {
        "liquid-glass-ui": "^1.0.0"
      }
    },
    "node_modules/liquid-glass-ui": {
      "version": "1.0.0",
      "resolved": "https://registry.npmjs.org/liquid-glass-ui/-/liquid-glass-ui-1.0.0.tgz",
      "integrity": "sha512-qzMioumR5nW1iFggQkREY1pJy1SGaRfkULWXyqerUem6+0e3XLrPEmc8VxlganrnFUxKsEUYHaNZCwCGOGh8SA=="
    }
  }
}
